
Microsoft Visual Studio Solution File, Format Version 12.00
# Visual Studio Version 16
VisualStudioVersion = 16.0.29411.138
MinimumVisualStudioVersion = 10.0.40219.1
Project("{FAE04EC0-301F-11D3-BF4B-00C04F79EFBC}") = "Randewoo.TestTask.DataContext", "src\Randewoo.TestTask.DataContext\Randewoo.TestTask.DataContext.csproj", "{AC1B9B38-2BBE-4F83-9C10-057DC16A6E89}"
EndProject
Project("{FAE04EC0-301F-11D3-BF4B-00C04F79EFBC}") = "Randewoo.TestTask.DesktopClient", "src\Randewoo.TestTask.DesktopClient\Randewoo.TestTask.DesktopClient.csproj", "{3BFA806C-80A9-4FFC-8635-1F841D8422BB}"
EndProject
Global
	GlobalSection(SolutionConfigurationPlatforms) = preSolution
		Debug|Any CPU = Debug|Any CPU
		Release|Any CPU = Release|Any CPU
	EndGlobalSection
	GlobalSection(ProjectConfigurationPlatforms) = postSolution
		{AC1B9B38-2BBE-4F83-9C10-057DC16A6E89}.Debug|Any CPU.ActiveCfg = Debug|Any CPU
		{AC1B9B38-2BBE-4F83-9C10-057DC16A6E89}.Debug|Any CPU.Build.0 = Debug|Any CPU
		{AC1B9B38-2BBE-4F83-9C10-057DC16A6E89}.Release|Any CPU.ActiveCfg = Release|Any CPU
		{AC1B9B38-2BBE-4F83-9C10-057DC16A6E89}.Release|Any CPU.Build.0 = Release|Any CPU
		{3BFA806C-80A9-4FFC-8635-1F841D8422BB}.Debug|Any CPU.ActiveCfg = Debug|Any CPU
		{3BFA806C-80A9-4FFC-8635-1F841D8422BB}.Debug|Any CPU.Build.0 = Debug|Any CPU
		{3BFA806C-80A9-4FFC-8635-1F841D8422BB}.Release|Any CPU.ActiveCfg = Release|Any CPU
		{3BFA806C-80A9-4FFC-8635-1F841D8422BB}.Release|Any CPU.Build.0 = Release|Any CPU
	EndGlobalSection
	GlobalSection(SolutionProperties) = preSolution
		HideSolutionNode = FALSE
	EndGlobalSection
	GlobalSection(ExtensibilityGlobals) = postSolution
		SolutionGuid = {39E4DF5B-81F8-41E4-A1CD-19732F1CAD06}
	EndGlobalSection
EndGlobal
