
Microsoft Visual Studio Solution File, Format Version 12.00
# Visual Studio Version 16
VisualStudioVersion = 16.0.29411.138
MinimumVisualStudioVersion = 10.0.40219.1
Project("{9A19103F-16F7-4668-BE54-9A1E7A4F7556}") = "Randewoo.TestTask.DataContext", "src\Randewoo.TestTask.DataContext\Randewoo.TestTask.DataContext.csproj", "{AC1B9B38-2BBE-4F83-9C10-057DC16A6E89}"
EndProject
Project("{9A19103F-16F7-4668-BE54-9A1E7A4F7556}") = "Randewoo.TestTask.DesktopClient", "src\Randewoo.TestTask.DesktopClient\Randewoo.TestTask.DesktopClient.csproj", "{3BFA806C-80A9-4FFC-8635-1F841D8422BB}"
EndProject
Project("{2150E333-8FDC-42A3-9474-1A3956D46DE8}") = "tests", "tests", "{E68CBD17-21E2-42B3-98B8-5E10D8353D69}"
EndProject
Project("{2150E333-8FDC-42A3-9474-1A3956D46DE8}") = "src", "src", "{BCE93D61-D7F3-4126-AF32-FE4CF76C6407}"
EndProject
Project("{9A19103F-16F7-4668-BE54-9A1E7A4F7556}") = "Agbm.Wpf.MvvmBaseLibrary", "src\Agbm.Wpf.MvvmBaseLibrary\Agbm.Wpf.MvvmBaseLibrary.csproj", "{E3D46E97-6307-47E0-A201-E08EE2F30D49}"
EndProject
Project("{9A19103F-16F7-4668-BE54-9A1E7A4F7556}") = "Randewoo.TestTask.BusinessContext", "src\Randewoo.TestTask.BusinessContext\Randewoo.TestTask.BusinessContext.csproj", "{B509B7CC-5157-48CC-97D3-F5924B31D087}"
EndProject
Project("{9A19103F-16F7-4668-BE54-9A1E7A4F7556}") = "Randewoo.TestTask.DataContext.Tests", "src\Randewoo.TestTask.DataContext.Tests\Randewoo.TestTask.DataContext.Tests.csproj", "{373A2B26-E755-43B5-8C0C-287762803EEB}"
EndProject
Project("{9A19103F-16F7-4668-BE54-9A1E7A4F7556}") = "Randewoo.TestTask.DesctopClient.Tests", "src\Randewoo.TestTask.DesctopClientTests\Randewoo.TestTask.DesctopClient.Tests.csproj", "{34145D8D-1541-4E93-8B1B-985F522E37DC}"
EndProject
Global
	GlobalSection(SolutionConfigurationPlatforms) = preSolution
		Debug|Any CPU = Debug|Any CPU
		Release|Any CPU = Release|Any CPU
	EndGlobalSection
	GlobalSection(ProjectConfigurationPlatforms) = postSolution
		{AC1B9B38-2BBE-4F83-9C10-057DC16A6E89}.Debug|Any CPU.ActiveCfg = Debug|Any CPU
		{AC1B9B38-2BBE-4F83-9C10-057DC16A6E89}.Debug|Any CPU.Build.0 = Debug|Any CPU
		{AC1B9B38-2BBE-4F83-9C10-057DC16A6E89}.Release|Any CPU.ActiveCfg = Release|Any CPU
		{AC1B9B38-2BBE-4F83-9C10-057DC16A6E89}.Release|Any CPU.Build.0 = Release|Any CPU
		{3BFA806C-80A9-4FFC-8635-1F841D8422BB}.Debug|Any CPU.ActiveCfg = Debug|Any CPU
		{3BFA806C-80A9-4FFC-8635-1F841D8422BB}.Debug|Any CPU.Build.0 = Debug|Any CPU
		{3BFA806C-80A9-4FFC-8635-1F841D8422BB}.Release|Any CPU.ActiveCfg = Release|Any CPU
		{3BFA806C-80A9-4FFC-8635-1F841D8422BB}.Release|Any CPU.Build.0 = Release|Any CPU
		{E3D46E97-6307-47E0-A201-E08EE2F30D49}.Debug|Any CPU.ActiveCfg = Debug|Any CPU
		{E3D46E97-6307-47E0-A201-E08EE2F30D49}.Debug|Any CPU.Build.0 = Debug|Any CPU
		{E3D46E97-6307-47E0-A201-E08EE2F30D49}.Release|Any CPU.ActiveCfg = Release|Any CPU
		{E3D46E97-6307-47E0-A201-E08EE2F30D49}.Release|Any CPU.Build.0 = Release|Any CPU
		{B509B7CC-5157-48CC-97D3-F5924B31D087}.Debug|Any CPU.ActiveCfg = Debug|Any CPU
		{B509B7CC-5157-48CC-97D3-F5924B31D087}.Debug|Any CPU.Build.0 = Debug|Any CPU
		{B509B7CC-5157-48CC-97D3-F5924B31D087}.Release|Any CPU.ActiveCfg = Release|Any CPU
		{B509B7CC-5157-48CC-97D3-F5924B31D087}.Release|Any CPU.Build.0 = Release|Any CPU
		{373A2B26-E755-43B5-8C0C-287762803EEB}.Debug|Any CPU.ActiveCfg = Debug|Any CPU
		{373A2B26-E755-43B5-8C0C-287762803EEB}.Debug|Any CPU.Build.0 = Debug|Any CPU
		{373A2B26-E755-43B5-8C0C-287762803EEB}.Release|Any CPU.ActiveCfg = Release|Any CPU
		{373A2B26-E755-43B5-8C0C-287762803EEB}.Release|Any CPU.Build.0 = Release|Any CPU
		{34145D8D-1541-4E93-8B1B-985F522E37DC}.Debug|Any CPU.ActiveCfg = Debug|Any CPU
		{34145D8D-1541-4E93-8B1B-985F522E37DC}.Debug|Any CPU.Build.0 = Debug|Any CPU
		{34145D8D-1541-4E93-8B1B-985F522E37DC}.Release|Any CPU.ActiveCfg = Release|Any CPU
		{34145D8D-1541-4E93-8B1B-985F522E37DC}.Release|Any CPU.Build.0 = Release|Any CPU
	EndGlobalSection
	GlobalSection(SolutionProperties) = preSolution
		HideSolutionNode = FALSE
	EndGlobalSection
	GlobalSection(NestedProjects) = preSolution
		{AC1B9B38-2BBE-4F83-9C10-057DC16A6E89} = {BCE93D61-D7F3-4126-AF32-FE4CF76C6407}
		{3BFA806C-80A9-4FFC-8635-1F841D8422BB} = {BCE93D61-D7F3-4126-AF32-FE4CF76C6407}
		{E3D46E97-6307-47E0-A201-E08EE2F30D49} = {BCE93D61-D7F3-4126-AF32-FE4CF76C6407}
		{B509B7CC-5157-48CC-97D3-F5924B31D087} = {BCE93D61-D7F3-4126-AF32-FE4CF76C6407}
		{373A2B26-E755-43B5-8C0C-287762803EEB} = {E68CBD17-21E2-42B3-98B8-5E10D8353D69}
		{34145D8D-1541-4E93-8B1B-985F522E37DC} = {E68CBD17-21E2-42B3-98B8-5E10D8353D69}
	EndGlobalSection
	GlobalSection(ExtensibilityGlobals) = postSolution
		SolutionGuid = {39E4DF5B-81F8-41E4-A1CD-19732F1CAD06}
	EndGlobalSection
EndGlobal
