
Microsoft Visual Studio Solution File, Format Version 12.00
# Visual Studio Version 16
VisualStudioVersion = 16.0.29411.138
MinimumVisualStudioVersion = 10.0.40219.1
Project("{9A19103F-16F7-4668-BE54-9A1E7A4F7556}") = "Randewoo.TestTask.DataContext", "src\Randewoo.TestTask.DataContext\Randewoo.TestTask.DataContext.csproj", "{AC1B9B38-2BBE-4F83-9C10-057DC16A6E89}"
EndProject
Project("{9A19103F-16F7-4668-BE54-9A1E7A4F7556}") = "Randewoo.TestTask.DesktopClient", "src\Randewoo.TestTask.DesktopClient\Randewoo.TestTask.DesktopClient.csproj", "{3BFA806C-80A9-4FFC-8635-1F841D8422BB}"
EndProject
Project("{2150E333-8FDC-42A3-9474-1A3956D46DE8}") = "tests", "tests", "{E68CBD17-21E2-42B3-98B8-5E10D8353D69}"
EndProject
Project("{2150E333-8FDC-42A3-9474-1A3956D46DE8}") = "src", "src", "{BCE93D61-D7F3-4126-AF32-FE4CF76C6407}"
EndProject
Project("{9A19103F-16F7-4668-BE54-9A1E7A4F7556}") = "Agbm.Wpf.MvvmBaseLibrary", "Agbm.Wpf.MvvmBaseLibrary\Agbm.Wpf.MvvmBaseLibrary.csproj", "{97F11ED8-7159-4830-B0D7-B2111902DCE6}"
EndProject
Project("{9A19103F-16F7-4668-BE54-9A1E7A4F7556}") = "Randewoo.TestTask.DesctopClient.Tests", "Randewoo.TestTask.DesctopClientTests\Randewoo.TestTask.DesctopClient.Tests.csproj", "{8E6F7154-53DF-42E7-B9D2-9E0DA75D3C58}"
EndProject
Project("{9A19103F-16F7-4668-BE54-9A1E7A4F7556}") = "Randewoo.TestTask.DataContext.Tests", "Randewoo.TestTask.DataContext.Tests\Randewoo.TestTask.DataContext.Tests.csproj", "{2E713CBA-CDA4-4C91-9031-9EED3CC3C971}"
EndProject
Project("{FAE04EC0-301F-11D3-BF4B-00C04F79EFBC}") = "Randewoo.TestTask.BusinessContext", "Randewoo.TestTask.BusinessContext\Randewoo.TestTask.BusinessContext.csproj", "{64A98ACF-260B-4D75-B05B-624686C37D15}"
EndProject
Global
	GlobalSection(SolutionConfigurationPlatforms) = preSolution
		Debug|Any CPU = Debug|Any CPU
		Release|Any CPU = Release|Any CPU
	EndGlobalSection
	GlobalSection(ProjectConfigurationPlatforms) = postSolution
		{AC1B9B38-2BBE-4F83-9C10-057DC16A6E89}.Debug|Any CPU.ActiveCfg = Debug|Any CPU
		{AC1B9B38-2BBE-4F83-9C10-057DC16A6E89}.Debug|Any CPU.Build.0 = Debug|Any CPU
		{AC1B9B38-2BBE-4F83-9C10-057DC16A6E89}.Release|Any CPU.ActiveCfg = Release|Any CPU
		{AC1B9B38-2BBE-4F83-9C10-057DC16A6E89}.Release|Any CPU.Build.0 = Release|Any CPU
		{3BFA806C-80A9-4FFC-8635-1F841D8422BB}.Debug|Any CPU.ActiveCfg = Debug|Any CPU
		{3BFA806C-80A9-4FFC-8635-1F841D8422BB}.Debug|Any CPU.Build.0 = Debug|Any CPU
		{3BFA806C-80A9-4FFC-8635-1F841D8422BB}.Release|Any CPU.ActiveCfg = Release|Any CPU
		{3BFA806C-80A9-4FFC-8635-1F841D8422BB}.Release|Any CPU.Build.0 = Release|Any CPU
		{97F11ED8-7159-4830-B0D7-B2111902DCE6}.Debug|Any CPU.ActiveCfg = Debug|Any CPU
		{97F11ED8-7159-4830-B0D7-B2111902DCE6}.Debug|Any CPU.Build.0 = Debug|Any CPU
		{97F11ED8-7159-4830-B0D7-B2111902DCE6}.Release|Any CPU.ActiveCfg = Release|Any CPU
		{97F11ED8-7159-4830-B0D7-B2111902DCE6}.Release|Any CPU.Build.0 = Release|Any CPU
		{8E6F7154-53DF-42E7-B9D2-9E0DA75D3C58}.Debug|Any CPU.ActiveCfg = Debug|Any CPU
		{8E6F7154-53DF-42E7-B9D2-9E0DA75D3C58}.Debug|Any CPU.Build.0 = Debug|Any CPU
		{8E6F7154-53DF-42E7-B9D2-9E0DA75D3C58}.Release|Any CPU.ActiveCfg = Release|Any CPU
		{8E6F7154-53DF-42E7-B9D2-9E0DA75D3C58}.Release|Any CPU.Build.0 = Release|Any CPU
		{2E713CBA-CDA4-4C91-9031-9EED3CC3C971}.Debug|Any CPU.ActiveCfg = Debug|Any CPU
		{2E713CBA-CDA4-4C91-9031-9EED3CC3C971}.Debug|Any CPU.Build.0 = Debug|Any CPU
		{2E713CBA-CDA4-4C91-9031-9EED3CC3C971}.Release|Any CPU.ActiveCfg = Release|Any CPU
		{2E713CBA-CDA4-4C91-9031-9EED3CC3C971}.Release|Any CPU.Build.0 = Release|Any CPU
		{64A98ACF-260B-4D75-B05B-624686C37D15}.Debug|Any CPU.ActiveCfg = Debug|Any CPU
		{64A98ACF-260B-4D75-B05B-624686C37D15}.Debug|Any CPU.Build.0 = Debug|Any CPU
		{64A98ACF-260B-4D75-B05B-624686C37D15}.Release|Any CPU.ActiveCfg = Release|Any CPU
		{64A98ACF-260B-4D75-B05B-624686C37D15}.Release|Any CPU.Build.0 = Release|Any CPU
	EndGlobalSection
	GlobalSection(SolutionProperties) = preSolution
		HideSolutionNode = FALSE
	EndGlobalSection
	GlobalSection(NestedProjects) = preSolution
		{AC1B9B38-2BBE-4F83-9C10-057DC16A6E89} = {BCE93D61-D7F3-4126-AF32-FE4CF76C6407}
		{3BFA806C-80A9-4FFC-8635-1F841D8422BB} = {BCE93D61-D7F3-4126-AF32-FE4CF76C6407}
		{97F11ED8-7159-4830-B0D7-B2111902DCE6} = {BCE93D61-D7F3-4126-AF32-FE4CF76C6407}
		{8E6F7154-53DF-42E7-B9D2-9E0DA75D3C58} = {E68CBD17-21E2-42B3-98B8-5E10D8353D69}
		{2E713CBA-CDA4-4C91-9031-9EED3CC3C971} = {E68CBD17-21E2-42B3-98B8-5E10D8353D69}
		{64A98ACF-260B-4D75-B05B-624686C37D15} = {BCE93D61-D7F3-4126-AF32-FE4CF76C6407}
	EndGlobalSection
	GlobalSection(ExtensibilityGlobals) = postSolution
		SolutionGuid = {39E4DF5B-81F8-41E4-A1CD-19732F1CAD06}
	EndGlobalSection
EndGlobal
